
Microsoft Visual Studio Solution File, Format Version 12.00
# Visual Studio Version 16
VisualStudioVersion = 16.0.31424.327
MinimumVisualStudioVersion = 10.0.40219.1
Project("{FAE04EC0-301F-11D3-BF4B-00C04F79EFBC}") = "ListFrooxTypes", "ListFrooxTypes.csproj", "{36A608C7-C755-4232-AEE2-8F3077CF777B}"
EndProject
Global
	GlobalSection(SolutionConfigurationPlatforms) = preSolution
		Debug|Any CPU = Debug|Any CPU
		Release|Any CPU = Release|Any CPU
	EndGlobalSection
	GlobalSection(ProjectConfigurationPlatforms) = postSolution
		{36A608C7-C755-4232-AEE2-8F3077CF777B}.Debug|Any CPU.ActiveCfg = Debug|Any CPU
		{36A608C7-C755-4232-AEE2-8F3077CF777B}.Debug|Any CPU.Build.0 = Debug|Any CPU
		{36A608C7-C755-4232-AEE2-8F3077CF777B}.Release|Any CPU.ActiveCfg = Release|Any CPU
		{36A608C7-C755-4232-AEE2-8F3077CF777B}.Release|Any CPU.Build.0 = Release|Any CPU
	EndGlobalSection
	GlobalSection(SolutionProperties) = preSolution
		HideSolutionNode = FALSE
	EndGlobalSection
	GlobalSection(ExtensibilityGlobals) = postSolution
		SolutionGuid = {CB0ED596-A6B8-4F7B-96BD-5C17C31D0471}
	EndGlobalSection
EndGlobal
